
Microsoft Visual Studio Solution File, Format Version 12.00
# Visual Studio Version 17
VisualStudioVersion = 17.10.35027.167
MinimumVisualStudioVersion = 10.0.40219.1
Project("{FAE04EC0-301F-11D3-BF4B-00C04F79EFBC}") = "AdvanceTaskMarsPart2", "AdvanceTaskMarsPart2.csproj", "{58C3E8A4-CC23-40E1-BDBD-D2222F2CA697}"
EndProject
Global
	GlobalSection(SolutionConfigurationPlatforms) = preSolution
		Debug|Any CPU = Debug|Any CPU
		Release|Any CPU = Release|Any CPU
	EndGlobalSection
	GlobalSection(ProjectConfigurationPlatforms) = postSolution
		{58C3E8A4-CC23-40E1-BDBD-D2222F2CA697}.Debug|Any CPU.ActiveCfg = Debug|Any CPU
		{58C3E8A4-CC23-40E1-BDBD-D2222F2CA697}.Debug|Any CPU.Build.0 = Debug|Any CPU
		{58C3E8A4-CC23-40E1-BDBD-D2222F2CA697}.Release|Any CPU.ActiveCfg = Release|Any CPU
		{58C3E8A4-CC23-40E1-BDBD-D2222F2CA697}.Release|Any CPU.Build.0 = Release|Any CPU
	EndGlobalSection
	GlobalSection(SolutionProperties) = preSolution
		HideSolutionNode = FALSE
	EndGlobalSection
	GlobalSection(ExtensibilityGlobals) = postSolution
		SolutionGuid = {03655A1C-79E6-4F92-95B7-F0D49522B13A}
	EndGlobalSection
EndGlobal
